
Microsoft Visual Studio Solution File, Format Version 12.00
# Visual Studio Version 16
VisualStudioVersion = 16.0.30611.23
MinimumVisualStudioVersion = 10.0.40219.1
Project("{FAE04EC0-301F-11D3-BF4B-00C04F79EFBC}") = "JOYLAND", "JOYLAND.csproj", "{66269044-8579-4219-B2F8-26406D799B7A}"
EndProject
Global
	GlobalSection(SolutionConfigurationPlatforms) = preSolution
		Debug|Any CPU = Debug|Any CPU
		Release|Any CPU = Release|Any CPU
	EndGlobalSection
	GlobalSection(ProjectConfigurationPlatforms) = postSolution
		{66269044-8579-4219-B2F8-26406D799B7A}.Debug|Any CPU.ActiveCfg = Debug|Any CPU
		{66269044-8579-4219-B2F8-26406D799B7A}.Debug|Any CPU.Build.0 = Debug|Any CPU
		{66269044-8579-4219-B2F8-26406D799B7A}.Release|Any CPU.ActiveCfg = Release|Any CPU
		{66269044-8579-4219-B2F8-26406D799B7A}.Release|Any CPU.Build.0 = Release|Any CPU
	EndGlobalSection
	GlobalSection(SolutionProperties) = preSolution
		HideSolutionNode = FALSE
	EndGlobalSection
	GlobalSection(ExtensibilityGlobals) = postSolution
		SolutionGuid = {7E1108A6-9162-4C09-916C-666F6587D941}
	EndGlobalSection
EndGlobal
